
Microsoft Visual Studio Solution File, Format Version 12.00
# Visual Studio 15
VisualStudioVersion = 15.0.26430.14
MinimumVisualStudioVersion = 10.0.40219.1
Project("{FAE04EC0-301F-11D3-BF4B-00C04F79EFBC}") = "LottieApp.Android", "LottieApp\LottieApp.Android\LottieApp.Android.csproj", "{B115EBA5-E1C9-46E3-9A6A-E1ACA7076E2A}"
EndProject
Project("{FAE04EC0-301F-11D3-BF4B-00C04F79EFBC}") = "LottieApp", "LottieApp\LottieApp\LottieApp.csproj", "{BA3810BB-E9D0-4B12-A501-79FA27ECE83B}"
EndProject
Project("{FAE04EC0-301F-11D3-BF4B-00C04F79EFBC}") = "LottieApp.iOS", "LottieApp\LottieApp.iOS\LottieApp.iOS.csproj", "{18FBD305-D501-40A6-90B8-374A0007B631}"
EndProject
Global
	GlobalSection(SolutionConfigurationPlatforms) = preSolution
		Ad-Hoc|Any CPU = Ad-Hoc|Any CPU
		Ad-Hoc|iPhone = Ad-Hoc|iPhone
		Ad-Hoc|iPhoneSimulator = Ad-Hoc|iPhoneSimulator
		AppStore|Any CPU = AppStore|Any CPU
		AppStore|iPhone = AppStore|iPhone
		AppStore|iPhoneSimulator = AppStore|iPhoneSimulator
		Debug|Any CPU = Debug|Any CPU
		Debug|iPhone = Debug|iPhone
		Debug|iPhoneSimulator = Debug|iPhoneSimulator
		Release|Any CPU = Release|Any CPU
		Release|iPhone = Release|iPhone
		Release|iPhoneSimulator = Release|iPhoneSimulator
	EndGlobalSection
	GlobalSection(ProjectConfigurationPlatforms) = postSolution
		{B115EBA5-E1C9-46E3-9A6A-E1ACA7076E2A}.Ad-Hoc|Any CPU.ActiveCfg = Release|Any CPU
		{B115EBA5-E1C9-46E3-9A6A-E1ACA7076E2A}.Ad-Hoc|Any CPU.Build.0 = Release|Any CPU
		{B115EBA5-E1C9-46E3-9A6A-E1ACA7076E2A}.Ad-Hoc|Any CPU.Deploy.0 = Release|Any CPU
		{B115EBA5-E1C9-46E3-9A6A-E1ACA7076E2A}.Ad-Hoc|iPhone.ActiveCfg = Release|Any CPU
		{B115EBA5-E1C9-46E3-9A6A-E1ACA7076E2A}.Ad-Hoc|iPhone.Build.0 = Release|Any CPU
		{B115EBA5-E1C9-46E3-9A6A-E1ACA7076E2A}.Ad-Hoc|iPhone.Deploy.0 = Release|Any CPU
		{B115EBA5-E1C9-46E3-9A6A-E1ACA7076E2A}.Ad-Hoc|iPhoneSimulator.ActiveCfg = Release|Any CPU
		{B115EBA5-E1C9-46E3-9A6A-E1ACA7076E2A}.Ad-Hoc|iPhoneSimulator.Build.0 = Release|Any CPU
		{B115EBA5-E1C9-46E3-9A6A-E1ACA7076E2A}.Ad-Hoc|iPhoneSimulator.Deploy.0 = Release|Any CPU
		{B115EBA5-E1C9-46E3-9A6A-E1ACA7076E2A}.AppStore|Any CPU.ActiveCfg = Release|Any CPU
		{B115EBA5-E1C9-46E3-9A6A-E1ACA7076E2A}.AppStore|Any CPU.Build.0 = Release|Any CPU
		{B115EBA5-E1C9-46E3-9A6A-E1ACA7076E2A}.AppStore|Any CPU.Deploy.0 = Release|Any CPU
		{B115EBA5-E1C9-46E3-9A6A-E1ACA7076E2A}.AppStore|iPhone.ActiveCfg = Release|Any CPU
		{B115EBA5-E1C9-46E3-9A6A-E1ACA7076E2A}.AppStore|iPhone.Build.0 = Release|Any CPU
		{B115EBA5-E1C9-46E3-9A6A-E1ACA7076E2A}.AppStore|iPhone.Deploy.0 = Release|Any CPU
		{B115EBA5-E1C9-46E3-9A6A-E1ACA7076E2A}.AppStore|iPhoneSimulator.ActiveCfg = Release|Any CPU
		{B115EBA5-E1C9-46E3-9A6A-E1ACA7076E2A}.AppStore|iPhoneSimulator.Build.0 = Release|Any CPU
		{B115EBA5-E1C9-46E3-9A6A-E1ACA7076E2A}.AppStore|iPhoneSimulator.Deploy.0 = Release|Any CPU
		{B115EBA5-E1C9-46E3-9A6A-E1ACA7076E2A}.Debug|Any CPU.ActiveCfg = Debug|Any CPU
		{B115EBA5-E1C9-46E3-9A6A-E1ACA7076E2A}.Debug|Any CPU.Build.0 = Debug|Any CPU
		{B115EBA5-E1C9-46E3-9A6A-E1ACA7076E2A}.Debug|Any CPU.Deploy.0 = Debug|Any CPU
		{B115EBA5-E1C9-46E3-9A6A-E1ACA7076E2A}.Debug|iPhone.ActiveCfg = Debug|Any CPU
		{B115EBA5-E1C9-46E3-9A6A-E1ACA7076E2A}.Debug|iPhone.Build.0 = Debug|Any CPU
		{B115EBA5-E1C9-46E3-9A6A-E1ACA7076E2A}.Debug|iPhone.Deploy.0 = Debug|Any CPU
		{B115EBA5-E1C9-46E3-9A6A-E1ACA7076E2A}.Debug|iPhoneSimulator.ActiveCfg = Debug|Any CPU
		{B115EBA5-E1C9-46E3-9A6A-E1ACA7076E2A}.Debug|iPhoneSimulator.Build.0 = Debug|Any CPU
		{B115EBA5-E1C9-46E3-9A6A-E1ACA7076E2A}.Debug|iPhoneSimulator.Deploy.0 = Debug|Any CPU
		{B115EBA5-E1C9-46E3-9A6A-E1ACA7076E2A}.Release|Any CPU.ActiveCfg = Release|Any CPU
		{B115EBA5-E1C9-46E3-9A6A-E1ACA7076E2A}.Release|Any CPU.Build.0 = Release|Any CPU
		{B115EBA5-E1C9-46E3-9A6A-E1ACA7076E2A}.Release|Any CPU.Deploy.0 = Release|Any CPU
		{B115EBA5-E1C9-46E3-9A6A-E1ACA7076E2A}.Release|iPhone.ActiveCfg = Release|Any CPU
		{B115EBA5-E1C9-46E3-9A6A-E1ACA7076E2A}.Release|iPhone.Build.0 = Release|Any CPU
		{B115EBA5-E1C9-46E3-9A6A-E1ACA7076E2A}.Release|iPhone.Deploy.0 = Release|Any CPU
		{B115EBA5-E1C9-46E3-9A6A-E1ACA7076E2A}.Release|iPhoneSimulator.ActiveCfg = Release|Any CPU
		{B115EBA5-E1C9-46E3-9A6A-E1ACA7076E2A}.Release|iPhoneSimulator.Build.0 = Release|Any CPU
		{B115EBA5-E1C9-46E3-9A6A-E1ACA7076E2A}.Release|iPhoneSimulator.Deploy.0 = Release|Any CPU
		{BA3810BB-E9D0-4B12-A501-79FA27ECE83B}.Ad-Hoc|Any CPU.ActiveCfg = Release|Any CPU
		{BA3810BB-E9D0-4B12-A501-79FA27ECE83B}.Ad-Hoc|Any CPU.Build.0 = Release|Any CPU
		{BA3810BB-E9D0-4B12-A501-79FA27ECE83B}.Ad-Hoc|iPhone.ActiveCfg = Release|Any CPU
		{BA3810BB-E9D0-4B12-A501-79FA27ECE83B}.Ad-Hoc|iPhone.Build.0 = Release|Any CPU
		{BA3810BB-E9D0-4B12-A501-79FA27ECE83B}.Ad-Hoc|iPhoneSimulator.ActiveCfg = Release|Any CPU
		{BA3810BB-E9D0-4B12-A501-79FA27ECE83B}.Ad-Hoc|iPhoneSimulator.Build.0 = Release|Any CPU
		{BA3810BB-E9D0-4B12-A501-79FA27ECE83B}.AppStore|Any CPU.ActiveCfg = Release|Any CPU
		{BA3810BB-E9D0-4B12-A501-79FA27ECE83B}.AppStore|Any CPU.Build.0 = Release|Any CPU
		{BA3810BB-E9D0-4B12-A501-79FA27ECE83B}.AppStore|iPhone.ActiveCfg = Release|Any CPU
		{BA3810BB-E9D0-4B12-A501-79FA27ECE83B}.AppStore|iPhone.Build.0 = Release|Any CPU
		{BA3810BB-E9D0-4B12-A501-79FA27ECE83B}.AppStore|iPhoneSimulator.ActiveCfg = Release|Any CPU
		{BA3810BB-E9D0-4B12-A501-79FA27ECE83B}.AppStore|iPhoneSimulator.Build.0 = Release|Any CPU
		{BA3810BB-E9D0-4B12-A501-79FA27ECE83B}.Debug|Any CPU.ActiveCfg = Debug|Any CPU
		{BA3810BB-E9D0-4B12-A501-79FA27ECE83B}.Debug|Any CPU.Build.0 = Debug|Any CPU
		{BA3810BB-E9D0-4B12-A501-79FA27ECE83B}.Debug|iPhone.ActiveCfg = Debug|Any CPU
		{BA3810BB-E9D0-4B12-A501-79FA27ECE83B}.Debug|iPhone.Build.0 = Debug|Any CPU
		{BA3810BB-E9D0-4B12-A501-79FA27ECE83B}.Debug|iPhoneSimulator.ActiveCfg = Debug|Any CPU
		{BA3810BB-E9D0-4B12-A501-79FA27ECE83B}.Debug|iPhoneSimulator.Build.0 = Debug|Any CPU
		{BA3810BB-E9D0-4B12-A501-79FA27ECE83B}.Release|Any CPU.ActiveCfg = Release|Any CPU
		{BA3810BB-E9D0-4B12-A501-79FA27ECE83B}.Release|Any CPU.Build.0 = Release|Any CPU
		{BA3810BB-E9D0-4B12-A501-79FA27ECE83B}.Release|iPhone.ActiveCfg = Release|Any CPU
		{BA3810BB-E9D0-4B12-A501-79FA27ECE83B}.Release|iPhone.Build.0 = Release|Any CPU
		{BA3810BB-E9D0-4B12-A501-79FA27ECE83B}.Release|iPhoneSimulator.ActiveCfg = Release|Any CPU
		{BA3810BB-E9D0-4B12-A501-79FA27ECE83B}.Release|iPhoneSimulator.Build.0 = Release|Any CPU
		{18FBD305-D501-40A6-90B8-374A0007B631}.Ad-Hoc|Any CPU.ActiveCfg = Ad-Hoc|iPhone
		{18FBD305-D501-40A6-90B8-374A0007B631}.Ad-Hoc|iPhone.ActiveCfg = Ad-Hoc|iPhone
		{18FBD305-D501-40A6-90B8-374A0007B631}.Ad-Hoc|iPhone.Build.0 = Ad-Hoc|iPhone
		{18FBD305-D501-40A6-90B8-374A0007B631}.Ad-Hoc|iPhoneSimulator.ActiveCfg = Ad-Hoc|iPhoneSimulator
		{18FBD305-D501-40A6-90B8-374A0007B631}.Ad-Hoc|iPhoneSimulator.Build.0 = Ad-Hoc|iPhoneSimulator
		{18FBD305-D501-40A6-90B8-374A0007B631}.AppStore|Any CPU.ActiveCfg = AppStore|iPhone
		{18FBD305-D501-40A6-90B8-374A0007B631}.AppStore|iPhone.ActiveCfg = AppStore|iPhone
		{18FBD305-D501-40A6-90B8-374A0007B631}.AppStore|iPhone.Build.0 = AppStore|iPhone
		{18FBD305-D501-40A6-90B8-374A0007B631}.AppStore|iPhoneSimulator.ActiveCfg = AppStore|iPhoneSimulator
		{18FBD305-D501-40A6-90B8-374A0007B631}.AppStore|iPhoneSimulator.Build.0 = AppStore|iPhoneSimulator
		{18FBD305-D501-40A6-90B8-374A0007B631}.Debug|Any CPU.ActiveCfg = Debug|iPhone
		{18FBD305-D501-40A6-90B8-374A0007B631}.Debug|iPhone.ActiveCfg = Debug|iPhone
		{18FBD305-D501-40A6-90B8-374A0007B631}.Debug|iPhone.Build.0 = Debug|iPhone
		{18FBD305-D501-40A6-90B8-374A0007B631}.Debug|iPhoneSimulator.ActiveCfg = Debug|iPhoneSimulator
		{18FBD305-D501-40A6-90B8-374A0007B631}.Debug|iPhoneSimulator.Build.0 = Debug|iPhoneSimulator
		{18FBD305-D501-40A6-90B8-374A0007B631}.Release|Any CPU.ActiveCfg = Release|iPhone
		{18FBD305-D501-40A6-90B8-374A0007B631}.Release|iPhone.ActiveCfg = Release|iPhone
		{18FBD305-D501-40A6-90B8-374A0007B631}.Release|iPhone.Build.0 = Release|iPhone
		{18FBD305-D501-40A6-90B8-374A0007B631}.Release|iPhoneSimulator.ActiveCfg = Release|iPhoneSimulator
		{18FBD305-D501-40A6-90B8-374A0007B631}.Release|iPhoneSimulator.Build.0 = Release|iPhoneSimulator
	EndGlobalSection
	GlobalSection(SolutionProperties) = preSolution
		HideSolutionNode = FALSE
	EndGlobalSection
EndGlobal
